<Solution>
  <Folder Name="/Service/">
    <Project Path="Service/F1ReactionService.csproj" />
  </Folder>
  <Folder Name="/Solution Items/">
    <File Path=".dockerignore" />
    <File Path=".editorconfig" />
    <File Path=".gitignore" />
    <File Path="Dockerfile" />
    <File Path="README.md" />
    <File Path="release.ps1" />
  </Folder>
  <Project Path="F1ReactionService.Tests/F1ReactionService.Tests.csproj" />
</Solution>
